
Microsoft Visual Studio Solution File, Format Version 12.00
# Visual Studio Version 17
VisualStudioVersion = 17.6.33815.320
MinimumVisualStudioVersion = 10.0.40219.1
Project("{FAE04EC0-301F-11D3-BF4B-00C04F79EFBC}") = "GistXservices", "GistXservices\GistXservices.csproj", "{A24B6599-20BD-447D-B499-C41CA26ED635}"
EndProject
Project("{FAE04EC0-301F-11D3-BF4B-00C04F79EFBC}") = "GistXHost", "GistXHost\GistXHost.csproj", "{DAE3B9EF-CF49-495A-B2E5-D3D2559FCFF0}"
EndProject
Project("{FAE04EC0-301F-11D3-BF4B-00C04F79EFBC}") = "GistXclient", "GistXclient\GistXclient.csproj", "{CF0C02CF-5C28-488D-8EBA-F882F1AAE3F2}"
EndProject
Global
	GlobalSection(SolutionConfigurationPlatforms) = preSolution
		Debug|Any CPU = Debug|Any CPU
		Release|Any CPU = Release|Any CPU
	EndGlobalSection
	GlobalSection(ProjectConfigurationPlatforms) = postSolution
		{A24B6599-20BD-447D-B499-C41CA26ED635}.Debug|Any CPU.ActiveCfg = Debug|Any CPU
		{A24B6599-20BD-447D-B499-C41CA26ED635}.Debug|Any CPU.Build.0 = Debug|Any CPU
		{A24B6599-20BD-447D-B499-C41CA26ED635}.Release|Any CPU.ActiveCfg = Release|Any CPU
		{A24B6599-20BD-447D-B499-C41CA26ED635}.Release|Any CPU.Build.0 = Release|Any CPU
		{DAE3B9EF-CF49-495A-B2E5-D3D2559FCFF0}.Debug|Any CPU.ActiveCfg = Debug|Any CPU
		{DAE3B9EF-CF49-495A-B2E5-D3D2559FCFF0}.Debug|Any CPU.Build.0 = Debug|Any CPU
		{DAE3B9EF-CF49-495A-B2E5-D3D2559FCFF0}.Release|Any CPU.ActiveCfg = Release|Any CPU
		{DAE3B9EF-CF49-495A-B2E5-D3D2559FCFF0}.Release|Any CPU.Build.0 = Release|Any CPU
		{CF0C02CF-5C28-488D-8EBA-F882F1AAE3F2}.Debug|Any CPU.ActiveCfg = Debug|Any CPU
		{CF0C02CF-5C28-488D-8EBA-F882F1AAE3F2}.Debug|Any CPU.Build.0 = Debug|Any CPU
		{CF0C02CF-5C28-488D-8EBA-F882F1AAE3F2}.Release|Any CPU.ActiveCfg = Release|Any CPU
		{CF0C02CF-5C28-488D-8EBA-F882F1AAE3F2}.Release|Any CPU.Build.0 = Release|Any CPU
	EndGlobalSection
	GlobalSection(SolutionProperties) = preSolution
		HideSolutionNode = FALSE
	EndGlobalSection
	GlobalSection(ExtensibilityGlobals) = postSolution
		SolutionGuid = {855BA5EE-FF17-43D4-B16C-809A3ABF7862}
	EndGlobalSection
EndGlobal
